
Microsoft Visual Studio Solution File, Format Version 11.00
# Visual Studio 2010
Project("{FAE04EC0-301F-11D3-BF4B-00C04F79EFBC}") = "ExpressoConsole", "ExpressoConsole.csproj", "{7429CF14-72B5-4019-94A4-4BA593C6FB4C}"
EndProject
Project("{FAE04EC0-301F-11D3-BF4B-00C04F79EFBC}") = "Expresso", "Expresso\Expresso.csproj", "{4E28200A-5808-419F-8A57-F504842991AF}"
EndProject
Project("{FAE04EC0-301F-11D3-BF4B-00C04F79EFBC}") = "SymbolicComputation", "SymbolicComputation\SymbolicComputation.csproj", "{F4F22C1D-3EAA-455B-9461-AEA206B44208}"
EndProject
Project("{FAE04EC0-301F-11D3-BF4B-00C04F79EFBC}") = "ExpressoTest", "ExpressoTest\ExpressoTest.csproj", "{20AC9F09-B706-428B-B0F9-E32E865D41EA}"
EndProject
Global
	GlobalSection(SolutionConfigurationPlatforms) = preSolution
		Debug|x86 = Debug|x86
		Release|x86 = Release|x86
	EndGlobalSection
	GlobalSection(ProjectConfigurationPlatforms) = postSolution
		{20AC9F09-B706-428B-B0F9-E32E865D41EA}.Debug|x86.ActiveCfg = Debug|Any CPU
		{20AC9F09-B706-428B-B0F9-E32E865D41EA}.Debug|x86.Build.0 = Debug|Any CPU
		{20AC9F09-B706-428B-B0F9-E32E865D41EA}.Release|x86.ActiveCfg = Release|Any CPU
		{20AC9F09-B706-428B-B0F9-E32E865D41EA}.Release|x86.Build.0 = Release|Any CPU
		{4E28200A-5808-419F-8A57-F504842991AF}.Debug|x86.ActiveCfg = Debug|x86
		{4E28200A-5808-419F-8A57-F504842991AF}.Debug|x86.Build.0 = Debug|x86
		{4E28200A-5808-419F-8A57-F504842991AF}.Release|x86.ActiveCfg = Release|x86
		{4E28200A-5808-419F-8A57-F504842991AF}.Release|x86.Build.0 = Release|x86
		{7429CF14-72B5-4019-94A4-4BA593C6FB4C}.Debug|x86.ActiveCfg = Debug|x86
		{7429CF14-72B5-4019-94A4-4BA593C6FB4C}.Debug|x86.Build.0 = Debug|x86
		{7429CF14-72B5-4019-94A4-4BA593C6FB4C}.Release|x86.ActiveCfg = Release|x86
		{7429CF14-72B5-4019-94A4-4BA593C6FB4C}.Release|x86.Build.0 = Release|x86
		{F4F22C1D-3EAA-455B-9461-AEA206B44208}.Debug|x86.ActiveCfg = Debug|Any CPU
		{F4F22C1D-3EAA-455B-9461-AEA206B44208}.Debug|x86.Build.0 = Debug|Any CPU
		{F4F22C1D-3EAA-455B-9461-AEA206B44208}.Release|x86.ActiveCfg = Release|Any CPU
		{F4F22C1D-3EAA-455B-9461-AEA206B44208}.Release|x86.Build.0 = Release|Any CPU
	EndGlobalSection
	GlobalSection(MonoDevelopProperties) = preSolution
		StartupItem = ExpressoConsole.csproj
		Policies = $0
		$0.DotNetNamingPolicy = $1
		$1.DirectoryNamespaceAssociation = None
		$1.ResourceNamePolicy = FileFormatDefault
		$0.TextStylePolicy = $2
		$2.inheritsSet = null
		$2.scope = text/x-csharp
		$0.CSharpFormattingPolicy = $3
		$3.BeforeMethodDeclarationParentheses = False
		$3.BeforeMethodCallParentheses = False
		$3.BeforeConstructorDeclarationParentheses = False
		$3.BeforeIndexerDeclarationBracket = False
		$3.BeforeDelegateDeclarationParentheses = False
		$3.NewParentheses = False
		$3.IfParentheses = False
		$3.WhileParentheses = False
		$3.ForParentheses = False
		$3.ForeachParentheses = False
		$3.CatchParentheses = False
		$3.SwitchParentheses = False
		$3.LockParentheses = False
		$3.UsingParentheses = False
		$3.SpacesBeforeBrackets = False
		$3.inheritsSet = Mono
		$3.inheritsScope = text/x-csharp
		$3.scope = text/x-csharp
		$0.TextStylePolicy = $4
		$4.FileWidth = 120
		$4.inheritsSet = VisualStudio
		$4.inheritsScope = text/plain
		$4.scope = text/plain
		$0.StandardHeader = $5
		$5.Text = 
		$5.IncludeInNewFiles = True
		$0.TextStylePolicy = $6
		$6.inheritsSet = null
		$6.scope = text/x-csrc
		version = 1.3
	EndGlobalSection
EndGlobal
