
Microsoft Visual Studio Solution File, Format Version 12.00
# Visual Studio 15
VisualStudioVersion = 15.0.26403.3
MinimumVisualStudioVersion = 10.0.40219.1
Project("{FAE04EC0-301F-11D3-BF4B-00C04F79EFBC}") = "LanguageServer.VsCode", "LanguageServer.VsCode\LanguageServer.VsCode.csproj", "{E3E1B6AA-38E8-4762-91D5-52AAEA38AF96}"
EndProject
Project("{FAE04EC0-301F-11D3-BF4B-00C04F79EFBC}") = "ExpressoLanguageServer", "DemoLanguageServer\ExpressoLanguageServer.csproj", "{AB737C31-DA7C-4473-8E01-2DE68C6D001B}"
EndProject
Project("{FAE04EC0-301F-11D3-BF4B-00C04F79EFBC}") = "Expresso.NETCore", "Expresso.NETCore\Expresso.NETCore.csproj", "{F25549AE-E2EE-400F-A328-3D5AA08847B8}"
EndProject
Project("{FAE04EC0-301F-11D3-BF4B-00C04F79EFBC}") = "ExpressoRuntime.NETCore", "ExpressoRuntime.NETCore\ExpressoRuntime.NETCore.csproj", "{6FA283CB-5922-4421-B9D3-AD22E0B39EFD}"
EndProject
Project("{FAE04EC0-301F-11D3-BF4B-00C04F79EFBC}") = "ICSharpCode.NRefactory.NETCore", "ICSharpCode.NRefactory.NETCore\ICSharpCode.NRefactory.NETCore.csproj", "{1DE107C2-673D-4487-8E9F-056F621EE49D}"
EndProject
Project("{FAE04EC0-301F-11D3-BF4B-00C04F79EFBC}") = "ICSharpCode.NRefactory.Cecil.NETCore", "ICSharpCode.NRefactory.Cecil.NETCore\ICSharpCode.NRefactory.Cecil.NETCore.csproj", "{5060121D-3469-4B65-8B14-37ACBC4B452F}"
EndProject
Global
	GlobalSection(SolutionConfigurationPlatforms) = preSolution
		Debug|Any CPU = Debug|Any CPU
		Release|Any CPU = Release|Any CPU
	EndGlobalSection
	GlobalSection(ProjectConfigurationPlatforms) = postSolution
		{E3E1B6AA-38E8-4762-91D5-52AAEA38AF96}.Debug|Any CPU.ActiveCfg = Debug|Any CPU
		{E3E1B6AA-38E8-4762-91D5-52AAEA38AF96}.Debug|Any CPU.Build.0 = Debug|Any CPU
		{E3E1B6AA-38E8-4762-91D5-52AAEA38AF96}.Release|Any CPU.ActiveCfg = Release|Any CPU
		{E3E1B6AA-38E8-4762-91D5-52AAEA38AF96}.Release|Any CPU.Build.0 = Release|Any CPU
		{AB737C31-DA7C-4473-8E01-2DE68C6D001B}.Debug|Any CPU.ActiveCfg = Debug|Any CPU
		{AB737C31-DA7C-4473-8E01-2DE68C6D001B}.Debug|Any CPU.Build.0 = Debug|Any CPU
		{AB737C31-DA7C-4473-8E01-2DE68C6D001B}.Release|Any CPU.ActiveCfg = Release|Any CPU
		{AB737C31-DA7C-4473-8E01-2DE68C6D001B}.Release|Any CPU.Build.0 = Release|Any CPU
		{F25549AE-E2EE-400F-A328-3D5AA08847B8}.Debug|Any CPU.ActiveCfg = Debug|Any CPU
		{F25549AE-E2EE-400F-A328-3D5AA08847B8}.Debug|Any CPU.Build.0 = Debug|Any CPU
		{F25549AE-E2EE-400F-A328-3D5AA08847B8}.Release|Any CPU.ActiveCfg = Release|Any CPU
		{F25549AE-E2EE-400F-A328-3D5AA08847B8}.Release|Any CPU.Build.0 = Release|Any CPU
		{6FA283CB-5922-4421-B9D3-AD22E0B39EFD}.Debug|Any CPU.ActiveCfg = Debug|Any CPU
		{6FA283CB-5922-4421-B9D3-AD22E0B39EFD}.Debug|Any CPU.Build.0 = Debug|Any CPU
		{6FA283CB-5922-4421-B9D3-AD22E0B39EFD}.Release|Any CPU.ActiveCfg = Release|Any CPU
		{6FA283CB-5922-4421-B9D3-AD22E0B39EFD}.Release|Any CPU.Build.0 = Release|Any CPU
		{1DE107C2-673D-4487-8E9F-056F621EE49D}.Debug|Any CPU.ActiveCfg = Debug|Any CPU
		{1DE107C2-673D-4487-8E9F-056F621EE49D}.Debug|Any CPU.Build.0 = Debug|Any CPU
		{1DE107C2-673D-4487-8E9F-056F621EE49D}.Release|Any CPU.ActiveCfg = Release|Any CPU
		{1DE107C2-673D-4487-8E9F-056F621EE49D}.Release|Any CPU.Build.0 = Release|Any CPU
		{5060121D-3469-4B65-8B14-37ACBC4B452F}.Debug|Any CPU.ActiveCfg = Debug|Any CPU
		{5060121D-3469-4B65-8B14-37ACBC4B452F}.Debug|Any CPU.Build.0 = Debug|Any CPU
		{5060121D-3469-4B65-8B14-37ACBC4B452F}.Release|Any CPU.ActiveCfg = Release|Any CPU
		{5060121D-3469-4B65-8B14-37ACBC4B452F}.Release|Any CPU.Build.0 = Release|Any CPU
	EndGlobalSection
	GlobalSection(SolutionProperties) = preSolution
		HideSolutionNode = FALSE
	EndGlobalSection
EndGlobal
